# This file is generated by running "yarn install" inside your project.
# Manual changes might be lost - proceed with caution!

__metadata:
  version: 6
  cacheKey: 8

"gitpanion@workspace:.":
  version: 0.0.0-use.local
  resolution: "gitpanion@workspace:."
  dependencies:
    husky: ^7.0.0
    pinst: ^3.0.0
  languageName: unknown
  linkType: soft

"husky@npm:^7.0.0":
  version: 7.0.4
  resolution: "husky@npm:7.0.4"
  bin:
    husky: lib/bin.js
  checksum: c6ec4af63da2c9522da8674a20ad9b48362cc92704896cc8a58c6a2a39d797feb2b806f93fbd83a6d653fbdceb2c3b6e0b602c6b2e8565206ffc2882ef7db9e9
  languageName: node
  linkType: hard

"pinst@npm:^3.0.0":
  version: 3.0.0
  resolution: "pinst@npm:3.0.0"
  bin:
    pinst: bin.js
  checksum: 4ae48a6a60f79c37071233af51b4d91bfc85cfa3c12b66ccda60cdb642b4d14a4ab0cb3587afc55b1f6192cea1772a5e4822026a0d0d3528296edef00cc2d61f
  languageName: node
  linkType: hard
